
Microsoft Visual Studio Solution File, Format Version 12.00
# Visual Studio Version 16
VisualStudioVersion = 16.0.29609.76
MinimumVisualStudioVersion = 10.0.40219.1
Project("{9A19103F-16F7-4668-BE54-9A1E7A4F7556}") = "Meissa", "Meissa\Meissa.csproj", "{23ED0FEF-E564-4E36-8297-114EB6B7EDDC}"
EndProject
Project("{9A19103F-16F7-4668-BE54-9A1E7A4F7556}") = "Meissa.Core.Contracts", "Meissa.Core.Contracts\Meissa.Core.Contracts.csproj", "{38C1FF46-BBDC-4D04-BB2F-AE7C271D0735}"
EndProject
Project("{9A19103F-16F7-4668-BE54-9A1E7A4F7556}") = "Meissa.Core.Model", "Meissa.Core.Model\Meissa.Core.Model.csproj", "{84BF7153-AED5-46E7-AED9-967A7209A9BC}"
EndProject
Project("{9A19103F-16F7-4668-BE54-9A1E7A4F7556}") = "Meissa.Model", "Meissa.Model\Meissa.Model.csproj", "{A03123D7-835D-4F88-BDAD-A1DCFF760C6D}"
EndProject
Project("{9A19103F-16F7-4668-BE54-9A1E7A4F7556}") = "Meissa.Infrastructure", "Meissa.Infrastructure\Meissa.Infrastructure.csproj", "{5B8D215F-9DC5-485A-98A4-933054B17461}"
EndProject
Project("{9A19103F-16F7-4668-BE54-9A1E7A4F7556}") = "Meissa.Core.Services", "Meissa.Core.Services\Meissa.Core.Services.csproj", "{5CDAB2E0-48AE-4F2A-86AC-6DB01E43D4B1}"
EndProject
Project("{2150E333-8FDC-42A3-9474-1A3956D46DE8}") = "src", "src", "{0230A84D-7F7E-4C9A-BF57-5DC311106345}"
EndProject
Project("{9A19103F-16F7-4668-BE54-9A1E7A4F7556}") = "Meissa.Plugins.Contracts", "Meissa.Plugins.Contracts\Meissa.Plugins.Contracts.csproj", "{EA3E79AA-F906-4CA4-9DBE-BC5C3D081416}"
EndProject
Project("{9A19103F-16F7-4668-BE54-9A1E7A4F7556}") = "Meissa.Plugins", "Meissa.Plugins\Meissa.Plugins.csproj", "{91A44004-4490-4481-810F-19DB2242A7C5}"
EndProject
Project("{9A19103F-16F7-4668-BE54-9A1E7A4F7556}") = "Meissa.Plugins.MSTest", "Meissa.Plugins.MSTest\Meissa.Plugins.MSTest.csproj", "{650411A3-0F43-4FF3-8A36-9F0328F84420}"
EndProject
Project("{9A19103F-16F7-4668-BE54-9A1E7A4F7556}") = "Meissa.Plugins.NUnit", "Meissa.Plugins.NUnit\Meissa.Plugins.NUnit.csproj", "{C5791008-DD10-4C98-832C-C68C1CD2A0E7}"
EndProject
Project("{FAE04EC0-301F-11D3-BF4B-00C04F79EFBC}") = "NUnitLoadTest", "NUnitLoadTest\NUnitLoadTest.csproj", "{FAB8ECAE-5356-4EB8-9B8A-5F71B5C3B7A3}"
EndProject
Project("{9A19103F-16F7-4668-BE54-9A1E7A4F7556}") = "Meissa.Plugins.Protractor", "Meissa.Plugins.Protractor\Meissa.Plugins.Protractor.csproj", "{F3218A75-25FE-481E-A6EA-11B0AD31F57F}"
EndProject
Project("{2150E333-8FDC-42A3-9474-1A3956D46DE8}") = "Tests", "Tests", "{A4938590-6875-45A5-972A-CDEA1CFF5E59}"
EndProject
Project("{9A19103F-16F7-4668-BE54-9A1E7A4F7556}") = "SmallMSTestTestProject", "SmallMSTestTestProject\SmallMSTestTestProject.csproj", "{283023A3-CCCA-466F-A182-E0DBE1AEF83F}"
EndProject
Project("{9A19103F-16F7-4668-BE54-9A1E7A4F7556}") = "NUnitReportMerge.Spike", "NUnitReportMerge.Spike\NUnitReportMerge.Spike.csproj", "{192F14FA-71BC-4674-93A5-0A36F631EABF}"
EndProject
Project("{2150E333-8FDC-42A3-9474-1A3956D46DE8}") = "Solution Items", "Solution Items", "{82BC3A1E-0C7F-4F7D-8730-E89CFE22A034}"
	ProjectSection(SolutionItems) = preProject
		SharedAssemblyInfo.targets = SharedAssemblyInfo.targets
		StyleCopeRules.ruleset = StyleCopeRules.ruleset
	EndProjectSection
EndProject
Project("{9A19103F-16F7-4668-BE54-9A1E7A4F7556}") = "Meissa.Server", "Meissa.Server\Meissa.Server.csproj", "{8F6889B8-6EFE-443E-B31B-98E379F0EA89}"
EndProject
Project("{9A19103F-16F7-4668-BE54-9A1E7A4F7556}") = "Meissa.Server.Client", "Meissa.Server.Client\Meissa.Server.Client.csproj", "{DFE01800-2D51-46D8-A3CB-C4787CE54121}"
EndProject
Global
	GlobalSection(SolutionConfigurationPlatforms) = preSolution
		Debug|Any CPU = Debug|Any CPU
		Release|Any CPU = Release|Any CPU
	EndGlobalSection
	GlobalSection(ProjectConfigurationPlatforms) = postSolution
		{23ED0FEF-E564-4E36-8297-114EB6B7EDDC}.Debug|Any CPU.ActiveCfg = Debug|Any CPU
		{23ED0FEF-E564-4E36-8297-114EB6B7EDDC}.Debug|Any CPU.Build.0 = Debug|Any CPU
		{23ED0FEF-E564-4E36-8297-114EB6B7EDDC}.Release|Any CPU.ActiveCfg = Release|Any CPU
		{23ED0FEF-E564-4E36-8297-114EB6B7EDDC}.Release|Any CPU.Build.0 = Release|Any CPU
		{38C1FF46-BBDC-4D04-BB2F-AE7C271D0735}.Debug|Any CPU.ActiveCfg = Debug|Any CPU
		{38C1FF46-BBDC-4D04-BB2F-AE7C271D0735}.Debug|Any CPU.Build.0 = Debug|Any CPU
		{38C1FF46-BBDC-4D04-BB2F-AE7C271D0735}.Release|Any CPU.ActiveCfg = Release|Any CPU
		{38C1FF46-BBDC-4D04-BB2F-AE7C271D0735}.Release|Any CPU.Build.0 = Release|Any CPU
		{84BF7153-AED5-46E7-AED9-967A7209A9BC}.Debug|Any CPU.ActiveCfg = Debug|Any CPU
		{84BF7153-AED5-46E7-AED9-967A7209A9BC}.Debug|Any CPU.Build.0 = Debug|Any CPU
		{84BF7153-AED5-46E7-AED9-967A7209A9BC}.Release|Any CPU.ActiveCfg = Release|Any CPU
		{84BF7153-AED5-46E7-AED9-967A7209A9BC}.Release|Any CPU.Build.0 = Release|Any CPU
		{A03123D7-835D-4F88-BDAD-A1DCFF760C6D}.Debug|Any CPU.ActiveCfg = Debug|Any CPU
		{A03123D7-835D-4F88-BDAD-A1DCFF760C6D}.Debug|Any CPU.Build.0 = Debug|Any CPU
		{A03123D7-835D-4F88-BDAD-A1DCFF760C6D}.Release|Any CPU.ActiveCfg = Release|Any CPU
		{A03123D7-835D-4F88-BDAD-A1DCFF760C6D}.Release|Any CPU.Build.0 = Release|Any CPU
		{5B8D215F-9DC5-485A-98A4-933054B17461}.Debug|Any CPU.ActiveCfg = Debug|Any CPU
		{5B8D215F-9DC5-485A-98A4-933054B17461}.Debug|Any CPU.Build.0 = Debug|Any CPU
		{5B8D215F-9DC5-485A-98A4-933054B17461}.Release|Any CPU.ActiveCfg = Release|Any CPU
		{5B8D215F-9DC5-485A-98A4-933054B17461}.Release|Any CPU.Build.0 = Release|Any CPU
		{5CDAB2E0-48AE-4F2A-86AC-6DB01E43D4B1}.Debug|Any CPU.ActiveCfg = Debug|Any CPU
		{5CDAB2E0-48AE-4F2A-86AC-6DB01E43D4B1}.Debug|Any CPU.Build.0 = Debug|Any CPU
		{5CDAB2E0-48AE-4F2A-86AC-6DB01E43D4B1}.Release|Any CPU.ActiveCfg = Release|Any CPU
		{5CDAB2E0-48AE-4F2A-86AC-6DB01E43D4B1}.Release|Any CPU.Build.0 = Release|Any CPU
		{EA3E79AA-F906-4CA4-9DBE-BC5C3D081416}.Debug|Any CPU.ActiveCfg = Debug|Any CPU
		{EA3E79AA-F906-4CA4-9DBE-BC5C3D081416}.Debug|Any CPU.Build.0 = Debug|Any CPU
		{EA3E79AA-F906-4CA4-9DBE-BC5C3D081416}.Release|Any CPU.ActiveCfg = Release|Any CPU
		{EA3E79AA-F906-4CA4-9DBE-BC5C3D081416}.Release|Any CPU.Build.0 = Release|Any CPU
		{91A44004-4490-4481-810F-19DB2242A7C5}.Debug|Any CPU.ActiveCfg = Debug|Any CPU
		{91A44004-4490-4481-810F-19DB2242A7C5}.Debug|Any CPU.Build.0 = Debug|Any CPU
		{91A44004-4490-4481-810F-19DB2242A7C5}.Release|Any CPU.ActiveCfg = Release|Any CPU
		{91A44004-4490-4481-810F-19DB2242A7C5}.Release|Any CPU.Build.0 = Release|Any CPU
		{650411A3-0F43-4FF3-8A36-9F0328F84420}.Debug|Any CPU.ActiveCfg = Debug|Any CPU
		{650411A3-0F43-4FF3-8A36-9F0328F84420}.Debug|Any CPU.Build.0 = Debug|Any CPU
		{650411A3-0F43-4FF3-8A36-9F0328F84420}.Release|Any CPU.ActiveCfg = Release|Any CPU
		{650411A3-0F43-4FF3-8A36-9F0328F84420}.Release|Any CPU.Build.0 = Release|Any CPU
		{C5791008-DD10-4C98-832C-C68C1CD2A0E7}.Debug|Any CPU.ActiveCfg = Debug|Any CPU
		{C5791008-DD10-4C98-832C-C68C1CD2A0E7}.Debug|Any CPU.Build.0 = Debug|Any CPU
		{C5791008-DD10-4C98-832C-C68C1CD2A0E7}.Release|Any CPU.ActiveCfg = Release|Any CPU
		{C5791008-DD10-4C98-832C-C68C1CD2A0E7}.Release|Any CPU.Build.0 = Release|Any CPU
		{FAB8ECAE-5356-4EB8-9B8A-5F71B5C3B7A3}.Debug|Any CPU.ActiveCfg = Debug|Any CPU
		{FAB8ECAE-5356-4EB8-9B8A-5F71B5C3B7A3}.Debug|Any CPU.Build.0 = Debug|Any CPU
		{FAB8ECAE-5356-4EB8-9B8A-5F71B5C3B7A3}.Release|Any CPU.ActiveCfg = Release|Any CPU
		{FAB8ECAE-5356-4EB8-9B8A-5F71B5C3B7A3}.Release|Any CPU.Build.0 = Release|Any CPU
		{F3218A75-25FE-481E-A6EA-11B0AD31F57F}.Debug|Any CPU.ActiveCfg = Debug|Any CPU
		{F3218A75-25FE-481E-A6EA-11B0AD31F57F}.Debug|Any CPU.Build.0 = Debug|Any CPU
		{F3218A75-25FE-481E-A6EA-11B0AD31F57F}.Release|Any CPU.ActiveCfg = Release|Any CPU
		{F3218A75-25FE-481E-A6EA-11B0AD31F57F}.Release|Any CPU.Build.0 = Release|Any CPU
		{283023A3-CCCA-466F-A182-E0DBE1AEF83F}.Debug|Any CPU.ActiveCfg = Debug|Any CPU
		{283023A3-CCCA-466F-A182-E0DBE1AEF83F}.Debug|Any CPU.Build.0 = Debug|Any CPU
		{283023A3-CCCA-466F-A182-E0DBE1AEF83F}.Release|Any CPU.ActiveCfg = Release|Any CPU
		{283023A3-CCCA-466F-A182-E0DBE1AEF83F}.Release|Any CPU.Build.0 = Release|Any CPU
		{192F14FA-71BC-4674-93A5-0A36F631EABF}.Debug|Any CPU.ActiveCfg = Debug|Any CPU
		{192F14FA-71BC-4674-93A5-0A36F631EABF}.Debug|Any CPU.Build.0 = Debug|Any CPU
		{192F14FA-71BC-4674-93A5-0A36F631EABF}.Release|Any CPU.ActiveCfg = Release|Any CPU
		{192F14FA-71BC-4674-93A5-0A36F631EABF}.Release|Any CPU.Build.0 = Release|Any CPU
		{8F6889B8-6EFE-443E-B31B-98E379F0EA89}.Debug|Any CPU.ActiveCfg = Debug|Any CPU
		{8F6889B8-6EFE-443E-B31B-98E379F0EA89}.Debug|Any CPU.Build.0 = Debug|Any CPU
		{8F6889B8-6EFE-443E-B31B-98E379F0EA89}.Release|Any CPU.ActiveCfg = Release|Any CPU
		{8F6889B8-6EFE-443E-B31B-98E379F0EA89}.Release|Any CPU.Build.0 = Release|Any CPU
		{DFE01800-2D51-46D8-A3CB-C4787CE54121}.Debug|Any CPU.ActiveCfg = Debug|Any CPU
		{DFE01800-2D51-46D8-A3CB-C4787CE54121}.Debug|Any CPU.Build.0 = Debug|Any CPU
		{DFE01800-2D51-46D8-A3CB-C4787CE54121}.Release|Any CPU.ActiveCfg = Release|Any CPU
		{DFE01800-2D51-46D8-A3CB-C4787CE54121}.Release|Any CPU.Build.0 = Release|Any CPU
	EndGlobalSection
	GlobalSection(SolutionProperties) = preSolution
		HideSolutionNode = FALSE
	EndGlobalSection
	GlobalSection(NestedProjects) = preSolution
		{23ED0FEF-E564-4E36-8297-114EB6B7EDDC} = {0230A84D-7F7E-4C9A-BF57-5DC311106345}
		{38C1FF46-BBDC-4D04-BB2F-AE7C271D0735} = {0230A84D-7F7E-4C9A-BF57-5DC311106345}
		{84BF7153-AED5-46E7-AED9-967A7209A9BC} = {0230A84D-7F7E-4C9A-BF57-5DC311106345}
		{A03123D7-835D-4F88-BDAD-A1DCFF760C6D} = {0230A84D-7F7E-4C9A-BF57-5DC311106345}
		{5B8D215F-9DC5-485A-98A4-933054B17461} = {0230A84D-7F7E-4C9A-BF57-5DC311106345}
		{5CDAB2E0-48AE-4F2A-86AC-6DB01E43D4B1} = {0230A84D-7F7E-4C9A-BF57-5DC311106345}
		{EA3E79AA-F906-4CA4-9DBE-BC5C3D081416} = {0230A84D-7F7E-4C9A-BF57-5DC311106345}
		{91A44004-4490-4481-810F-19DB2242A7C5} = {0230A84D-7F7E-4C9A-BF57-5DC311106345}
		{650411A3-0F43-4FF3-8A36-9F0328F84420} = {0230A84D-7F7E-4C9A-BF57-5DC311106345}
		{C5791008-DD10-4C98-832C-C68C1CD2A0E7} = {0230A84D-7F7E-4C9A-BF57-5DC311106345}
		{F3218A75-25FE-481E-A6EA-11B0AD31F57F} = {0230A84D-7F7E-4C9A-BF57-5DC311106345}
		{283023A3-CCCA-466F-A182-E0DBE1AEF83F} = {A4938590-6875-45A5-972A-CDEA1CFF5E59}
		{192F14FA-71BC-4674-93A5-0A36F631EABF} = {A4938590-6875-45A5-972A-CDEA1CFF5E59}
		{8F6889B8-6EFE-443E-B31B-98E379F0EA89} = {0230A84D-7F7E-4C9A-BF57-5DC311106345}
		{DFE01800-2D51-46D8-A3CB-C4787CE54121} = {0230A84D-7F7E-4C9A-BF57-5DC311106345}
	EndGlobalSection
	GlobalSection(ExtensibilityGlobals) = postSolution
		SolutionGuid = {547D0377-2E1C-4635-9CCA-FDC4AD0A2300}
	EndGlobalSection
EndGlobal
