
Microsoft Visual Studio Solution File, Format Version 12.00
# Visual Studio 15
VisualStudioVersion = 15.0.27130.2027
MinimumVisualStudioVersion = 10.0.40219.1
Project("{9A19103F-16F7-4668-BE54-9A1E7A4F7556}") = "Meissa", "Meissa\Meissa.csproj", "{23ED0FEF-E564-4E36-8297-114EB6B7EDDC}"
EndProject
Project("{9A19103F-16F7-4668-BE54-9A1E7A4F7556}") = "Meissa.API", "Meissa.API\Meissa.API.csproj", "{5C4CCE3E-94C8-446C-ABF0-0FA36A4FF00C}"
EndProject
Project("{9A19103F-16F7-4668-BE54-9A1E7A4F7556}") = "Meissa.API.Client", "Meissa.API.Client\Meissa.API.Client.csproj", "{632A710B-AE2F-4F4F-A221-68BFE972C117}"
EndProject
Project("{2150E333-8FDC-42A3-9474-1A3956D46DE8}") = "Solution Items", "Solution Items", "{B9015E1C-61A0-419C-90AD-68CE140C2DA7}"
	ProjectSection(SolutionItems) = preProject
		.editorconfig = .editorconfig
		.gitignore = .gitignore
		.tfignore = .tfignore
		create-distributions-instructions.txt = create-distributions-instructions.txt
		SharedAssemblyInfo.targets = SharedAssemblyInfo.targets
		stylecop.json = stylecop.json
		StyleCopeRules.ruleset = StyleCopeRules.ruleset
	EndProjectSection
EndProject
Project("{9A19103F-16F7-4668-BE54-9A1E7A4F7556}") = "Meissa.Core.Contracts", "Meissa.Core.Contracts\Meissa.Core.Contracts.csproj", "{38C1FF46-BBDC-4D04-BB2F-AE7C271D0735}"
EndProject
Project("{9A19103F-16F7-4668-BE54-9A1E7A4F7556}") = "Meissa.Core.Model", "Meissa.Core.Model\Meissa.Core.Model.csproj", "{84BF7153-AED5-46E7-AED9-967A7209A9BC}"
EndProject
Project("{9A19103F-16F7-4668-BE54-9A1E7A4F7556}") = "Meissa.Model", "Meissa.Model\Meissa.Model.csproj", "{A03123D7-835D-4F88-BDAD-A1DCFF760C6D}"
EndProject
Project("{9A19103F-16F7-4668-BE54-9A1E7A4F7556}") = "Meissa.Infrastructure", "Meissa.Infrastructure\Meissa.Infrastructure.csproj", "{5B8D215F-9DC5-485A-98A4-933054B17461}"
EndProject
Project("{9A19103F-16F7-4668-BE54-9A1E7A4F7556}") = "Meissa.Core.Services", "Meissa.Core.Services\Meissa.Core.Services.csproj", "{5CDAB2E0-48AE-4F2A-86AC-6DB01E43D4B1}"
EndProject
Project("{2150E333-8FDC-42A3-9474-1A3956D46DE8}") = "tests", "tests", "{4A1A254E-ED74-46CB-B564-AE16BE7C3E7E}"
EndProject
Project("{9A19103F-16F7-4668-BE54-9A1E7A4F7556}") = "Meissa.Core.Services.UnitTests", "Meissa.Core.Services.UnitTests\Meissa.Core.Services.UnitTests.csproj", "{3C85767B-B94A-4961-B812-EF834E663FCE}"
EndProject
Project("{9A19103F-16F7-4668-BE54-9A1E7A4F7556}") = "Meissa.Tests.Factories", "Meissa.Tests.Factories\Meissa.Tests.Factories.csproj", "{8CEBFCDE-C7F4-467A-A7D7-34E883B10E2D}"
EndProject
Project("{9A19103F-16F7-4668-BE54-9A1E7A4F7556}") = "Meissa.Infrastructure.UnitTests", "Meissa.Infrastructure.UnitTests\Meissa.Infrastructure.UnitTests.csproj", "{2BD4340C-663C-4CA0-B887-CD3440F45656}"
EndProject
Project("{9A19103F-16F7-4668-BE54-9A1E7A4F7556}") = "Meissa.API.Tests", "Meissa.API.Tests\Meissa.API.Tests.csproj", "{6F7371BC-D50B-4147-8338-4F5D52DD1BBA}"
EndProject
Project("{2150E333-8FDC-42A3-9474-1A3956D46DE8}") = "src", "src", "{0230A84D-7F7E-4C9A-BF57-5DC311106345}"
EndProject
Project("{9A19103F-16F7-4668-BE54-9A1E7A4F7556}") = "Meissa.Plugins.Contracts", "Meissa.Plugins.Contracts\Meissa.Plugins.Contracts.csproj", "{EA3E79AA-F906-4CA4-9DBE-BC5C3D081416}"
EndProject
Project("{9A19103F-16F7-4668-BE54-9A1E7A4F7556}") = "Meissa.Plugins", "Meissa.Plugins\Meissa.Plugins.csproj", "{91A44004-4490-4481-810F-19DB2242A7C5}"
EndProject
Project("{9A19103F-16F7-4668-BE54-9A1E7A4F7556}") = "Meissa.Plugins.MSTest", "Meissa.Plugins.MSTest\Meissa.Plugins.MSTest.csproj", "{650411A3-0F43-4FF3-8A36-9F0328F84420}"
EndProject
Project("{9A19103F-16F7-4668-BE54-9A1E7A4F7556}") = "Meissa.Plugins.NUnit", "Meissa.Plugins.NUnit\Meissa.Plugins.NUnit.csproj", "{C5791008-DD10-4C98-832C-C68C1CD2A0E7}"
EndProject
Project("{9A19103F-16F7-4668-BE54-9A1E7A4F7556}") = "LoadTestsProject", "LoadTestsProject\LoadTestsProject.csproj", "{38C29C37-FA78-4D32-8092-D84A99ACA6A3}"
EndProject
Project("{FAE04EC0-301F-11D3-BF4B-00C04F79EFBC}") = "LoadTestsProject.NUnit", "LoadTestsProject.NUnit\LoadTestsProject.NUnit.csproj", "{B8DEA08C-41BE-473C-91AC-8AE4733AA88A}"
EndProject
Project("{9A19103F-16F7-4668-BE54-9A1E7A4F7556}") = "GenerateLoadTestProjects", "GenerateLoadTestProjects\GenerateLoadTestProjects.csproj", "{467EB9F7-DF48-43B3-80B9-BC630BB5B59D}"
EndProject
Project("{FAE04EC0-301F-11D3-BF4B-00C04F79EFBC}") = "NUnitLoadTest", "NUnitLoadTest\NUnitLoadTest.csproj", "{FAB8ECAE-5356-4EB8-9B8A-5F71B5C3B7A3}"
EndProject
Project("{9A19103F-16F7-4668-BE54-9A1E7A4F7556}") = "NUnitReportMerge.Spike", "NUnitReportMerge.Spike\NUnitReportMerge.Spike.csproj", "{51717A40-1C27-4FEC-B1A5-4E5E07DDC3E1}"
EndProject
Project("{9A19103F-16F7-4668-BE54-9A1E7A4F7556}") = "Meissa.Plugins.Protractor", "Meissa.Plugins.Protractor\Meissa.Plugins.Protractor.csproj", "{F3218A75-25FE-481E-A6EA-11B0AD31F57F}"
EndProject
Project("{FAE04EC0-301F-11D3-BF4B-00C04F79EFBC}") = "Meissa.Spikes", "Meissa.Spikes\Meissa.Spikes.csproj", "{20685E96-9949-4B07-A0B0-2ABCB6B863BA}"
EndProject
Global
	GlobalSection(SolutionConfigurationPlatforms) = preSolution
		Debug|Any CPU = Debug|Any CPU
		Release|Any CPU = Release|Any CPU
	EndGlobalSection
	GlobalSection(ProjectConfigurationPlatforms) = postSolution
		{23ED0FEF-E564-4E36-8297-114EB6B7EDDC}.Debug|Any CPU.ActiveCfg = Debug|Any CPU
		{23ED0FEF-E564-4E36-8297-114EB6B7EDDC}.Debug|Any CPU.Build.0 = Debug|Any CPU
		{23ED0FEF-E564-4E36-8297-114EB6B7EDDC}.Release|Any CPU.ActiveCfg = Release|Any CPU
		{23ED0FEF-E564-4E36-8297-114EB6B7EDDC}.Release|Any CPU.Build.0 = Release|Any CPU
		{5C4CCE3E-94C8-446C-ABF0-0FA36A4FF00C}.Debug|Any CPU.ActiveCfg = Debug|Any CPU
		{5C4CCE3E-94C8-446C-ABF0-0FA36A4FF00C}.Debug|Any CPU.Build.0 = Debug|Any CPU
		{5C4CCE3E-94C8-446C-ABF0-0FA36A4FF00C}.Release|Any CPU.ActiveCfg = Release|Any CPU
		{5C4CCE3E-94C8-446C-ABF0-0FA36A4FF00C}.Release|Any CPU.Build.0 = Release|Any CPU
		{632A710B-AE2F-4F4F-A221-68BFE972C117}.Debug|Any CPU.ActiveCfg = Debug|Any CPU
		{632A710B-AE2F-4F4F-A221-68BFE972C117}.Debug|Any CPU.Build.0 = Debug|Any CPU
		{632A710B-AE2F-4F4F-A221-68BFE972C117}.Release|Any CPU.ActiveCfg = Release|Any CPU
		{632A710B-AE2F-4F4F-A221-68BFE972C117}.Release|Any CPU.Build.0 = Release|Any CPU
		{38C1FF46-BBDC-4D04-BB2F-AE7C271D0735}.Debug|Any CPU.ActiveCfg = Debug|Any CPU
		{38C1FF46-BBDC-4D04-BB2F-AE7C271D0735}.Debug|Any CPU.Build.0 = Debug|Any CPU
		{38C1FF46-BBDC-4D04-BB2F-AE7C271D0735}.Release|Any CPU.ActiveCfg = Release|Any CPU
		{38C1FF46-BBDC-4D04-BB2F-AE7C271D0735}.Release|Any CPU.Build.0 = Release|Any CPU
		{84BF7153-AED5-46E7-AED9-967A7209A9BC}.Debug|Any CPU.ActiveCfg = Debug|Any CPU
		{84BF7153-AED5-46E7-AED9-967A7209A9BC}.Debug|Any CPU.Build.0 = Debug|Any CPU
		{84BF7153-AED5-46E7-AED9-967A7209A9BC}.Release|Any CPU.ActiveCfg = Release|Any CPU
		{84BF7153-AED5-46E7-AED9-967A7209A9BC}.Release|Any CPU.Build.0 = Release|Any CPU
		{A03123D7-835D-4F88-BDAD-A1DCFF760C6D}.Debug|Any CPU.ActiveCfg = Debug|Any CPU
		{A03123D7-835D-4F88-BDAD-A1DCFF760C6D}.Debug|Any CPU.Build.0 = Debug|Any CPU
		{A03123D7-835D-4F88-BDAD-A1DCFF760C6D}.Release|Any CPU.ActiveCfg = Release|Any CPU
		{A03123D7-835D-4F88-BDAD-A1DCFF760C6D}.Release|Any CPU.Build.0 = Release|Any CPU
		{5B8D215F-9DC5-485A-98A4-933054B17461}.Debug|Any CPU.ActiveCfg = Debug|Any CPU
		{5B8D215F-9DC5-485A-98A4-933054B17461}.Debug|Any CPU.Build.0 = Debug|Any CPU
		{5B8D215F-9DC5-485A-98A4-933054B17461}.Release|Any CPU.ActiveCfg = Release|Any CPU
		{5B8D215F-9DC5-485A-98A4-933054B17461}.Release|Any CPU.Build.0 = Release|Any CPU
		{5CDAB2E0-48AE-4F2A-86AC-6DB01E43D4B1}.Debug|Any CPU.ActiveCfg = Debug|Any CPU
		{5CDAB2E0-48AE-4F2A-86AC-6DB01E43D4B1}.Debug|Any CPU.Build.0 = Debug|Any CPU
		{5CDAB2E0-48AE-4F2A-86AC-6DB01E43D4B1}.Release|Any CPU.ActiveCfg = Release|Any CPU
		{5CDAB2E0-48AE-4F2A-86AC-6DB01E43D4B1}.Release|Any CPU.Build.0 = Release|Any CPU
		{3C85767B-B94A-4961-B812-EF834E663FCE}.Debug|Any CPU.ActiveCfg = Debug|Any CPU
		{3C85767B-B94A-4961-B812-EF834E663FCE}.Debug|Any CPU.Build.0 = Debug|Any CPU
		{3C85767B-B94A-4961-B812-EF834E663FCE}.Release|Any CPU.ActiveCfg = Release|Any CPU
		{3C85767B-B94A-4961-B812-EF834E663FCE}.Release|Any CPU.Build.0 = Release|Any CPU
		{8CEBFCDE-C7F4-467A-A7D7-34E883B10E2D}.Debug|Any CPU.ActiveCfg = Debug|Any CPU
		{8CEBFCDE-C7F4-467A-A7D7-34E883B10E2D}.Debug|Any CPU.Build.0 = Debug|Any CPU
		{8CEBFCDE-C7F4-467A-A7D7-34E883B10E2D}.Release|Any CPU.ActiveCfg = Release|Any CPU
		{8CEBFCDE-C7F4-467A-A7D7-34E883B10E2D}.Release|Any CPU.Build.0 = Release|Any CPU
		{2BD4340C-663C-4CA0-B887-CD3440F45656}.Debug|Any CPU.ActiveCfg = Debug|Any CPU
		{2BD4340C-663C-4CA0-B887-CD3440F45656}.Debug|Any CPU.Build.0 = Debug|Any CPU
		{2BD4340C-663C-4CA0-B887-CD3440F45656}.Release|Any CPU.ActiveCfg = Release|Any CPU
		{2BD4340C-663C-4CA0-B887-CD3440F45656}.Release|Any CPU.Build.0 = Release|Any CPU
		{6F7371BC-D50B-4147-8338-4F5D52DD1BBA}.Debug|Any CPU.ActiveCfg = Debug|Any CPU
		{6F7371BC-D50B-4147-8338-4F5D52DD1BBA}.Debug|Any CPU.Build.0 = Debug|Any CPU
		{6F7371BC-D50B-4147-8338-4F5D52DD1BBA}.Release|Any CPU.ActiveCfg = Release|Any CPU
		{6F7371BC-D50B-4147-8338-4F5D52DD1BBA}.Release|Any CPU.Build.0 = Release|Any CPU
		{EA3E79AA-F906-4CA4-9DBE-BC5C3D081416}.Debug|Any CPU.ActiveCfg = Debug|Any CPU
		{EA3E79AA-F906-4CA4-9DBE-BC5C3D081416}.Debug|Any CPU.Build.0 = Debug|Any CPU
		{EA3E79AA-F906-4CA4-9DBE-BC5C3D081416}.Release|Any CPU.ActiveCfg = Release|Any CPU
		{EA3E79AA-F906-4CA4-9DBE-BC5C3D081416}.Release|Any CPU.Build.0 = Release|Any CPU
		{91A44004-4490-4481-810F-19DB2242A7C5}.Debug|Any CPU.ActiveCfg = Debug|Any CPU
		{91A44004-4490-4481-810F-19DB2242A7C5}.Debug|Any CPU.Build.0 = Debug|Any CPU
		{91A44004-4490-4481-810F-19DB2242A7C5}.Release|Any CPU.ActiveCfg = Release|Any CPU
		{91A44004-4490-4481-810F-19DB2242A7C5}.Release|Any CPU.Build.0 = Release|Any CPU
		{650411A3-0F43-4FF3-8A36-9F0328F84420}.Debug|Any CPU.ActiveCfg = Debug|Any CPU
		{650411A3-0F43-4FF3-8A36-9F0328F84420}.Debug|Any CPU.Build.0 = Debug|Any CPU
		{650411A3-0F43-4FF3-8A36-9F0328F84420}.Release|Any CPU.ActiveCfg = Release|Any CPU
		{650411A3-0F43-4FF3-8A36-9F0328F84420}.Release|Any CPU.Build.0 = Release|Any CPU
		{C5791008-DD10-4C98-832C-C68C1CD2A0E7}.Debug|Any CPU.ActiveCfg = Debug|Any CPU
		{C5791008-DD10-4C98-832C-C68C1CD2A0E7}.Debug|Any CPU.Build.0 = Debug|Any CPU
		{C5791008-DD10-4C98-832C-C68C1CD2A0E7}.Release|Any CPU.ActiveCfg = Release|Any CPU
		{C5791008-DD10-4C98-832C-C68C1CD2A0E7}.Release|Any CPU.Build.0 = Release|Any CPU
		{38C29C37-FA78-4D32-8092-D84A99ACA6A3}.Debug|Any CPU.ActiveCfg = Debug|Any CPU
		{38C29C37-FA78-4D32-8092-D84A99ACA6A3}.Debug|Any CPU.Build.0 = Debug|Any CPU
		{38C29C37-FA78-4D32-8092-D84A99ACA6A3}.Release|Any CPU.ActiveCfg = Release|Any CPU
		{38C29C37-FA78-4D32-8092-D84A99ACA6A3}.Release|Any CPU.Build.0 = Release|Any CPU
		{B8DEA08C-41BE-473C-91AC-8AE4733AA88A}.Debug|Any CPU.ActiveCfg = Debug|Any CPU
		{B8DEA08C-41BE-473C-91AC-8AE4733AA88A}.Debug|Any CPU.Build.0 = Debug|Any CPU
		{B8DEA08C-41BE-473C-91AC-8AE4733AA88A}.Release|Any CPU.ActiveCfg = Release|Any CPU
		{B8DEA08C-41BE-473C-91AC-8AE4733AA88A}.Release|Any CPU.Build.0 = Release|Any CPU
		{467EB9F7-DF48-43B3-80B9-BC630BB5B59D}.Debug|Any CPU.ActiveCfg = Debug|Any CPU
		{467EB9F7-DF48-43B3-80B9-BC630BB5B59D}.Debug|Any CPU.Build.0 = Debug|Any CPU
		{467EB9F7-DF48-43B3-80B9-BC630BB5B59D}.Release|Any CPU.ActiveCfg = Release|Any CPU
		{467EB9F7-DF48-43B3-80B9-BC630BB5B59D}.Release|Any CPU.Build.0 = Release|Any CPU
		{FAB8ECAE-5356-4EB8-9B8A-5F71B5C3B7A3}.Debug|Any CPU.ActiveCfg = Debug|Any CPU
		{FAB8ECAE-5356-4EB8-9B8A-5F71B5C3B7A3}.Debug|Any CPU.Build.0 = Debug|Any CPU
		{FAB8ECAE-5356-4EB8-9B8A-5F71B5C3B7A3}.Release|Any CPU.ActiveCfg = Release|Any CPU
		{FAB8ECAE-5356-4EB8-9B8A-5F71B5C3B7A3}.Release|Any CPU.Build.0 = Release|Any CPU
		{51717A40-1C27-4FEC-B1A5-4E5E07DDC3E1}.Debug|Any CPU.ActiveCfg = Debug|Any CPU
		{51717A40-1C27-4FEC-B1A5-4E5E07DDC3E1}.Debug|Any CPU.Build.0 = Debug|Any CPU
		{51717A40-1C27-4FEC-B1A5-4E5E07DDC3E1}.Release|Any CPU.ActiveCfg = Release|Any CPU
		{51717A40-1C27-4FEC-B1A5-4E5E07DDC3E1}.Release|Any CPU.Build.0 = Release|Any CPU
		{F3218A75-25FE-481E-A6EA-11B0AD31F57F}.Debug|Any CPU.ActiveCfg = Debug|Any CPU
		{F3218A75-25FE-481E-A6EA-11B0AD31F57F}.Debug|Any CPU.Build.0 = Debug|Any CPU
		{F3218A75-25FE-481E-A6EA-11B0AD31F57F}.Release|Any CPU.ActiveCfg = Release|Any CPU
		{F3218A75-25FE-481E-A6EA-11B0AD31F57F}.Release|Any CPU.Build.0 = Release|Any CPU
		{20685E96-9949-4B07-A0B0-2ABCB6B863BA}.Debug|Any CPU.ActiveCfg = Debug|Any CPU
		{20685E96-9949-4B07-A0B0-2ABCB6B863BA}.Debug|Any CPU.Build.0 = Debug|Any CPU
		{20685E96-9949-4B07-A0B0-2ABCB6B863BA}.Release|Any CPU.ActiveCfg = Release|Any CPU
		{20685E96-9949-4B07-A0B0-2ABCB6B863BA}.Release|Any CPU.Build.0 = Release|Any CPU
	EndGlobalSection
	GlobalSection(SolutionProperties) = preSolution
		HideSolutionNode = FALSE
	EndGlobalSection
	GlobalSection(NestedProjects) = preSolution
		{23ED0FEF-E564-4E36-8297-114EB6B7EDDC} = {0230A84D-7F7E-4C9A-BF57-5DC311106345}
		{5C4CCE3E-94C8-446C-ABF0-0FA36A4FF00C} = {0230A84D-7F7E-4C9A-BF57-5DC311106345}
		{632A710B-AE2F-4F4F-A221-68BFE972C117} = {0230A84D-7F7E-4C9A-BF57-5DC311106345}
		{38C1FF46-BBDC-4D04-BB2F-AE7C271D0735} = {0230A84D-7F7E-4C9A-BF57-5DC311106345}
		{84BF7153-AED5-46E7-AED9-967A7209A9BC} = {0230A84D-7F7E-4C9A-BF57-5DC311106345}
		{A03123D7-835D-4F88-BDAD-A1DCFF760C6D} = {0230A84D-7F7E-4C9A-BF57-5DC311106345}
		{5B8D215F-9DC5-485A-98A4-933054B17461} = {0230A84D-7F7E-4C9A-BF57-5DC311106345}
		{5CDAB2E0-48AE-4F2A-86AC-6DB01E43D4B1} = {0230A84D-7F7E-4C9A-BF57-5DC311106345}
		{3C85767B-B94A-4961-B812-EF834E663FCE} = {4A1A254E-ED74-46CB-B564-AE16BE7C3E7E}
		{8CEBFCDE-C7F4-467A-A7D7-34E883B10E2D} = {4A1A254E-ED74-46CB-B564-AE16BE7C3E7E}
		{2BD4340C-663C-4CA0-B887-CD3440F45656} = {4A1A254E-ED74-46CB-B564-AE16BE7C3E7E}
		{6F7371BC-D50B-4147-8338-4F5D52DD1BBA} = {4A1A254E-ED74-46CB-B564-AE16BE7C3E7E}
		{EA3E79AA-F906-4CA4-9DBE-BC5C3D081416} = {0230A84D-7F7E-4C9A-BF57-5DC311106345}
		{91A44004-4490-4481-810F-19DB2242A7C5} = {0230A84D-7F7E-4C9A-BF57-5DC311106345}
		{650411A3-0F43-4FF3-8A36-9F0328F84420} = {0230A84D-7F7E-4C9A-BF57-5DC311106345}
		{C5791008-DD10-4C98-832C-C68C1CD2A0E7} = {0230A84D-7F7E-4C9A-BF57-5DC311106345}
		{38C29C37-FA78-4D32-8092-D84A99ACA6A3} = {4A1A254E-ED74-46CB-B564-AE16BE7C3E7E}
		{B8DEA08C-41BE-473C-91AC-8AE4733AA88A} = {4A1A254E-ED74-46CB-B564-AE16BE7C3E7E}
		{467EB9F7-DF48-43B3-80B9-BC630BB5B59D} = {4A1A254E-ED74-46CB-B564-AE16BE7C3E7E}
		{51717A40-1C27-4FEC-B1A5-4E5E07DDC3E1} = {4A1A254E-ED74-46CB-B564-AE16BE7C3E7E}
		{F3218A75-25FE-481E-A6EA-11B0AD31F57F} = {0230A84D-7F7E-4C9A-BF57-5DC311106345}
		{20685E96-9949-4B07-A0B0-2ABCB6B863BA} = {4A1A254E-ED74-46CB-B564-AE16BE7C3E7E}
	EndGlobalSection
	GlobalSection(ExtensibilityGlobals) = postSolution
		SolutionGuid = {547D0377-2E1C-4635-9CCA-FDC4AD0A2300}
	EndGlobalSection
EndGlobal
